
Microsoft Visual Studio Solution File, Format Version 12.00
# Visual Studio Version 17
VisualStudioVersion = 17.7.34031.279
MinimumVisualStudioVersion = 10.0.40219.1
Project("{151D2E53-A2C4-4D7D-83FE-D05416EBD58E}") = "LogicApps", "LogicApps\LogicApps.deployproj", "{085DD99D-79A9-4A8D-BD19-96D1B47A196B}"
EndProject
Project("{FAE04EC0-301F-11D3-BF4B-00C04F79EFBC}") = "AIFetcher", "FunctionApp\AIFetcher\AIFetcher.csproj", "{76E6E8FA-CAA3-4E3C-A4CF-3406B18BB946}"
EndProject
Global
	GlobalSection(SolutionConfigurationPlatforms) = preSolution
		Debug|Any CPU = Debug|Any CPU
		Release|Any CPU = Release|Any CPU
	EndGlobalSection
	GlobalSection(ProjectConfigurationPlatforms) = postSolution
		{085DD99D-79A9-4A8D-BD19-96D1B47A196B}.Debug|Any CPU.ActiveCfg = Debug|Any CPU
		{085DD99D-79A9-4A8D-BD19-96D1B47A196B}.Debug|Any CPU.Build.0 = Debug|Any CPU
		{085DD99D-79A9-4A8D-BD19-96D1B47A196B}.Release|Any CPU.ActiveCfg = Release|Any CPU
		{085DD99D-79A9-4A8D-BD19-96D1B47A196B}.Release|Any CPU.Build.0 = Release|Any CPU
		{76E6E8FA-CAA3-4E3C-A4CF-3406B18BB946}.Debug|Any CPU.ActiveCfg = Debug|Any CPU
		{76E6E8FA-CAA3-4E3C-A4CF-3406B18BB946}.Debug|Any CPU.Build.0 = Debug|Any CPU
		{76E6E8FA-CAA3-4E3C-A4CF-3406B18BB946}.Release|Any CPU.ActiveCfg = Release|Any CPU
		{76E6E8FA-CAA3-4E3C-A4CF-3406B18BB946}.Release|Any CPU.Build.0 = Release|Any CPU
	EndGlobalSection
	GlobalSection(SolutionProperties) = preSolution
		HideSolutionNode = FALSE
	EndGlobalSection
	GlobalSection(ExtensibilityGlobals) = postSolution
		SolutionGuid = {A2E470FD-433D-422E-AB18-FF8D414580A7}
	EndGlobalSection
EndGlobal
